
Microsoft Visual Studio Solution File, Format Version 12.00
# Visual Studio Version 17
VisualStudioVersion = 17.13.35828.75
MinimumVisualStudioVersion = 10.0.40219.1
Project("{2150E333-8FDC-42A3-9474-1A3956D46DE8}") = "Payments", "Payments", "{02EA681E-C7D8-13C7-8484-4AC65E1B71E8}"
	ProjectSection(SolutionItems) = preProject
		Migrations.MD = Migrations.MD
	EndProjectSection
EndProject
Project("{2150E333-8FDC-42A3-9474-1A3956D46DE8}") = "Catalog", "Catalog", "{D8C9D451-45C0-416C-AF1A-C9E488F19392}"
EndProject
Project("{2150E333-8FDC-42A3-9474-1A3956D46DE8}") = "src", "src", "{796B0999-1333-4F5F-89F3-0A02B4524F51}"
EndProject
Project("{2150E333-8FDC-42A3-9474-1A3956D46DE8}") = "Solution Items", "Solution Items", "{84582783-B0F8-4B77-88C9-3BF8678A70EF}"
	ProjectSection(SolutionItems) = preProject
		.editorconfig = .editorconfig
	EndProjectSection
EndProject
Project("{FAE04EC0-301F-11D3-BF4B-00C04F79EFBC}") = "Payments.Api", "Payment\Payment.Api\Payments.Api.csproj", "{62761455-79FB-43EA-B698-074D4B7B4CCF}"
EndProject
Project("{2150E333-8FDC-42A3-9474-1A3956D46DE8}") = "Shared", "Shared", "{96D22476-7655-48FF-9F56-914F487BCB52}"
EndProject
Project("{FAE04EC0-301F-11D3-BF4B-00C04F79EFBC}") = "BuildingBlocks", "Shared\BuildingBlocks\BuildingBlocks.csproj", "{61F1854A-8D8A-4336-BF25-E9AEFE355C48}"
EndProject
Project("{2150E333-8FDC-42A3-9474-1A3956D46DE8}") = "Core", "Core", "{519870FC-CEF9-447B-B2FC-8A1AEC1FD2F0}"
EndProject
Project("{FAE04EC0-301F-11D3-BF4B-00C04F79EFBC}") = "Catalog.Entities", "Catalog\Core\Catalog.Entities\Catalog.Entities.csproj", "{931319FD-C3AA-4DB7-8942-9D8FE44AD800}"
EndProject
Project("{FAE04EC0-301F-11D3-BF4B-00C04F79EFBC}") = "Catalog.Application", "Catalog\Core\Catalog.Application\Catalog.Application.csproj", "{75570DA5-E71C-4FA5-90BF-465A5523BCBD}"
EndProject
Project("{2150E333-8FDC-42A3-9474-1A3956D46DE8}") = "Infrastructure", "Infrastructure", "{66B8854A-72A3-47C3-BC62-56EED990C30E}"
EndProject
Project("{FAE04EC0-301F-11D3-BF4B-00C04F79EFBC}") = "Catalog.Infrastructure", "Catalog\Infrastructure\Catalog.Infrastructure\Catalog.Infrastructure.csproj", "{949C8083-6486-45DF-879C-3BBEC5F9A8B4}"
EndProject
Project("{2150E333-8FDC-42A3-9474-1A3956D46DE8}") = "Presentation", "Presentation", "{6359CB6B-6922-436F-AB5D-8355D90787F6}"
EndProject
Project("{FAE04EC0-301F-11D3-BF4B-00C04F79EFBC}") = "Payments.Entities", "Payment\Payment.Entities\Payments.Entities.csproj", "{7D1B0EC3-30EF-4ACA-8724-9996B8DB3269}"
EndProject
Project("{FAE04EC0-301F-11D3-BF4B-00C04F79EFBC}") = "Payments.Data", "Payment\Payment.Data\Payments.Data.csproj", "{CB3BAF44-E2B7-4C4F-BADE-754B5C83268E}"
EndProject
Project("{FAE04EC0-301F-11D3-BF4B-00C04F79EFBC}") = "Catalog.Api", "Catalog\Presentation\Catalog.Api\Catalog.Api.csproj", "{B6218B13-7407-4323-90BB-706AF03D3A40}"
EndProject
Project("{E53339B2-1760-4266-BCC7-CA923CBCF16C}") = "docker-compose", "docker-compose.dcproj", "{81DDED9D-158B-E303-5F62-77A2896D2A5A}"
EndProject
Project("{2150E333-8FDC-42A3-9474-1A3956D46DE8}") = "Gateway", "Gateway", "{49DF8F9A-6A18-4691-8CA2-147D13E83F5D}"
EndProject
Project("{FAE04EC0-301F-11D3-BF4B-00C04F79EFBC}") = "Gateway.Api", "Gateway\Gateway.Api\Gateway.Api.csproj", "{5401D6D6-A763-4B23-8743-6095DAAACE47}"
EndProject
Project("{2150E333-8FDC-42A3-9474-1A3956D46DE8}") = "Order", "Order", "{1257FDA9-9DAC-4619-B6EF-B5F2E83CF7D0}"
EndProject
Project("{2150E333-8FDC-42A3-9474-1A3956D46DE8}") = "Adapters", "Adapters", "{90A8DEDF-7A54-4503-ACB6-51E861CE44CE}"
EndProject
Project("{2150E333-8FDC-42A3-9474-1A3956D46DE8}") = "Primary", "Primary", "{CB90D6CC-C560-46F9-BFCB-54E727132632}"
EndProject
Project("{2150E333-8FDC-42A3-9474-1A3956D46DE8}") = "Secondary", "Secondary", "{8EFBC691-5ACD-45DF-968E-4AAA24C7B3F4}"
EndProject
Project("{2150E333-8FDC-42A3-9474-1A3956D46DE8}") = "Core", "Core", "{071489D5-EEFB-463D-9128-5515FCACDBD0}"
EndProject
Project("{FAE04EC0-301F-11D3-BF4B-00C04F79EFBC}") = "Order.Application", "Order\Core\Order.Application\Order.Application.csproj", "{9413DF71-A609-413F-8EEE-2B8C66903EAE}"
EndProject
Project("{FAE04EC0-301F-11D3-BF4B-00C04F79EFBC}") = "Order.Domain", "Order\Core\Order.Domain\Order.Domain.csproj", "{26410DD3-65BA-43BC-BB70-D714FFC6415B}"
EndProject
Project("{FAE04EC0-301F-11D3-BF4B-00C04F79EFBC}") = "Order.Api", "Order\Adapters\Primary\Order.Api\Order.Api.csproj", "{7AF0549C-C191-4246-A32B-D4525E7CFD26}"
EndProject
Project("{FAE04EC0-301F-11D3-BF4B-00C04F79EFBC}") = "Order.Data", "Order\Adapters\Secondary\Order.Data\Order.Data.csproj", "{028A48DB-FC2D-4FFC-8D58-C74F9C60FBA6}"
EndProject
Project("{FAE04EC0-301F-11D3-BF4B-00C04F79EFBC}") = "Order.Infrastructure", "Order\Adapters\Secondary\Order.Infrastructure\Order.Infrastructure.csproj", "{005F319B-5F78-4144-9A79-CDD2244BEEDA}"
EndProject
Global
	GlobalSection(SolutionConfigurationPlatforms) = preSolution
		Debug|Any CPU = Debug|Any CPU
		Release|Any CPU = Release|Any CPU
	EndGlobalSection
	GlobalSection(ProjectConfigurationPlatforms) = postSolution
		{62761455-79FB-43EA-B698-074D4B7B4CCF}.Debug|Any CPU.ActiveCfg = Debug|Any CPU
		{62761455-79FB-43EA-B698-074D4B7B4CCF}.Debug|Any CPU.Build.0 = Debug|Any CPU
		{62761455-79FB-43EA-B698-074D4B7B4CCF}.Release|Any CPU.ActiveCfg = Release|Any CPU
		{62761455-79FB-43EA-B698-074D4B7B4CCF}.Release|Any CPU.Build.0 = Release|Any CPU
		{61F1854A-8D8A-4336-BF25-E9AEFE355C48}.Debug|Any CPU.ActiveCfg = Debug|Any CPU
		{61F1854A-8D8A-4336-BF25-E9AEFE355C48}.Debug|Any CPU.Build.0 = Debug|Any CPU
		{61F1854A-8D8A-4336-BF25-E9AEFE355C48}.Release|Any CPU.ActiveCfg = Release|Any CPU
		{61F1854A-8D8A-4336-BF25-E9AEFE355C48}.Release|Any CPU.Build.0 = Release|Any CPU
		{931319FD-C3AA-4DB7-8942-9D8FE44AD800}.Debug|Any CPU.ActiveCfg = Debug|Any CPU
		{931319FD-C3AA-4DB7-8942-9D8FE44AD800}.Debug|Any CPU.Build.0 = Debug|Any CPU
		{931319FD-C3AA-4DB7-8942-9D8FE44AD800}.Release|Any CPU.ActiveCfg = Release|Any CPU
		{931319FD-C3AA-4DB7-8942-9D8FE44AD800}.Release|Any CPU.Build.0 = Release|Any CPU
		{75570DA5-E71C-4FA5-90BF-465A5523BCBD}.Debug|Any CPU.ActiveCfg = Debug|Any CPU
		{75570DA5-E71C-4FA5-90BF-465A5523BCBD}.Debug|Any CPU.Build.0 = Debug|Any CPU
		{75570DA5-E71C-4FA5-90BF-465A5523BCBD}.Release|Any CPU.ActiveCfg = Release|Any CPU
		{75570DA5-E71C-4FA5-90BF-465A5523BCBD}.Release|Any CPU.Build.0 = Release|Any CPU
		{949C8083-6486-45DF-879C-3BBEC5F9A8B4}.Debug|Any CPU.ActiveCfg = Debug|Any CPU
		{949C8083-6486-45DF-879C-3BBEC5F9A8B4}.Debug|Any CPU.Build.0 = Debug|Any CPU
		{949C8083-6486-45DF-879C-3BBEC5F9A8B4}.Release|Any CPU.ActiveCfg = Release|Any CPU
		{949C8083-6486-45DF-879C-3BBEC5F9A8B4}.Release|Any CPU.Build.0 = Release|Any CPU
		{7D1B0EC3-30EF-4ACA-8724-9996B8DB3269}.Debug|Any CPU.ActiveCfg = Debug|Any CPU
		{7D1B0EC3-30EF-4ACA-8724-9996B8DB3269}.Debug|Any CPU.Build.0 = Debug|Any CPU
		{7D1B0EC3-30EF-4ACA-8724-9996B8DB3269}.Release|Any CPU.ActiveCfg = Release|Any CPU
		{7D1B0EC3-30EF-4ACA-8724-9996B8DB3269}.Release|Any CPU.Build.0 = Release|Any CPU
		{CB3BAF44-E2B7-4C4F-BADE-754B5C83268E}.Debug|Any CPU.ActiveCfg = Debug|Any CPU
		{CB3BAF44-E2B7-4C4F-BADE-754B5C83268E}.Debug|Any CPU.Build.0 = Debug|Any CPU
		{CB3BAF44-E2B7-4C4F-BADE-754B5C83268E}.Release|Any CPU.ActiveCfg = Release|Any CPU
		{CB3BAF44-E2B7-4C4F-BADE-754B5C83268E}.Release|Any CPU.Build.0 = Release|Any CPU
		{B6218B13-7407-4323-90BB-706AF03D3A40}.Debug|Any CPU.ActiveCfg = Debug|Any CPU
		{B6218B13-7407-4323-90BB-706AF03D3A40}.Debug|Any CPU.Build.0 = Debug|Any CPU
		{B6218B13-7407-4323-90BB-706AF03D3A40}.Release|Any CPU.ActiveCfg = Release|Any CPU
		{B6218B13-7407-4323-90BB-706AF03D3A40}.Release|Any CPU.Build.0 = Release|Any CPU
		{81DDED9D-158B-E303-5F62-77A2896D2A5A}.Debug|Any CPU.ActiveCfg = Debug|Any CPU
		{81DDED9D-158B-E303-5F62-77A2896D2A5A}.Debug|Any CPU.Build.0 = Debug|Any CPU
		{81DDED9D-158B-E303-5F62-77A2896D2A5A}.Release|Any CPU.ActiveCfg = Release|Any CPU
		{81DDED9D-158B-E303-5F62-77A2896D2A5A}.Release|Any CPU.Build.0 = Release|Any CPU
		{5401D6D6-A763-4B23-8743-6095DAAACE47}.Debug|Any CPU.ActiveCfg = Debug|Any CPU
		{5401D6D6-A763-4B23-8743-6095DAAACE47}.Debug|Any CPU.Build.0 = Debug|Any CPU
		{5401D6D6-A763-4B23-8743-6095DAAACE47}.Release|Any CPU.ActiveCfg = Release|Any CPU
		{5401D6D6-A763-4B23-8743-6095DAAACE47}.Release|Any CPU.Build.0 = Release|Any CPU
		{9413DF71-A609-413F-8EEE-2B8C66903EAE}.Debug|Any CPU.ActiveCfg = Debug|Any CPU
		{9413DF71-A609-413F-8EEE-2B8C66903EAE}.Debug|Any CPU.Build.0 = Debug|Any CPU
		{9413DF71-A609-413F-8EEE-2B8C66903EAE}.Release|Any CPU.ActiveCfg = Release|Any CPU
		{9413DF71-A609-413F-8EEE-2B8C66903EAE}.Release|Any CPU.Build.0 = Release|Any CPU
		{26410DD3-65BA-43BC-BB70-D714FFC6415B}.Debug|Any CPU.ActiveCfg = Debug|Any CPU
		{26410DD3-65BA-43BC-BB70-D714FFC6415B}.Debug|Any CPU.Build.0 = Debug|Any CPU
		{26410DD3-65BA-43BC-BB70-D714FFC6415B}.Release|Any CPU.ActiveCfg = Release|Any CPU
		{26410DD3-65BA-43BC-BB70-D714FFC6415B}.Release|Any CPU.Build.0 = Release|Any CPU
		{7AF0549C-C191-4246-A32B-D4525E7CFD26}.Debug|Any CPU.ActiveCfg = Debug|Any CPU
		{7AF0549C-C191-4246-A32B-D4525E7CFD26}.Debug|Any CPU.Build.0 = Debug|Any CPU
		{7AF0549C-C191-4246-A32B-D4525E7CFD26}.Release|Any CPU.ActiveCfg = Release|Any CPU
		{7AF0549C-C191-4246-A32B-D4525E7CFD26}.Release|Any CPU.Build.0 = Release|Any CPU
		{028A48DB-FC2D-4FFC-8D58-C74F9C60FBA6}.Debug|Any CPU.ActiveCfg = Debug|Any CPU
		{028A48DB-FC2D-4FFC-8D58-C74F9C60FBA6}.Debug|Any CPU.Build.0 = Debug|Any CPU
		{028A48DB-FC2D-4FFC-8D58-C74F9C60FBA6}.Release|Any CPU.ActiveCfg = Release|Any CPU
		{028A48DB-FC2D-4FFC-8D58-C74F9C60FBA6}.Release|Any CPU.Build.0 = Release|Any CPU
		{005F319B-5F78-4144-9A79-CDD2244BEEDA}.Debug|Any CPU.ActiveCfg = Debug|Any CPU
		{005F319B-5F78-4144-9A79-CDD2244BEEDA}.Debug|Any CPU.Build.0 = Debug|Any CPU
		{005F319B-5F78-4144-9A79-CDD2244BEEDA}.Release|Any CPU.ActiveCfg = Release|Any CPU
		{005F319B-5F78-4144-9A79-CDD2244BEEDA}.Release|Any CPU.Build.0 = Release|Any CPU
	EndGlobalSection
	GlobalSection(SolutionProperties) = preSolution
		HideSolutionNode = FALSE
	EndGlobalSection
	GlobalSection(NestedProjects) = preSolution
		{02EA681E-C7D8-13C7-8484-4AC65E1B71E8} = {796B0999-1333-4F5F-89F3-0A02B4524F51}
		{D8C9D451-45C0-416C-AF1A-C9E488F19392} = {796B0999-1333-4F5F-89F3-0A02B4524F51}
		{62761455-79FB-43EA-B698-074D4B7B4CCF} = {02EA681E-C7D8-13C7-8484-4AC65E1B71E8}
		{96D22476-7655-48FF-9F56-914F487BCB52} = {796B0999-1333-4F5F-89F3-0A02B4524F51}
		{61F1854A-8D8A-4336-BF25-E9AEFE355C48} = {96D22476-7655-48FF-9F56-914F487BCB52}
		{519870FC-CEF9-447B-B2FC-8A1AEC1FD2F0} = {D8C9D451-45C0-416C-AF1A-C9E488F19392}
		{931319FD-C3AA-4DB7-8942-9D8FE44AD800} = {519870FC-CEF9-447B-B2FC-8A1AEC1FD2F0}
		{75570DA5-E71C-4FA5-90BF-465A5523BCBD} = {519870FC-CEF9-447B-B2FC-8A1AEC1FD2F0}
		{66B8854A-72A3-47C3-BC62-56EED990C30E} = {D8C9D451-45C0-416C-AF1A-C9E488F19392}
		{949C8083-6486-45DF-879C-3BBEC5F9A8B4} = {66B8854A-72A3-47C3-BC62-56EED990C30E}
		{6359CB6B-6922-436F-AB5D-8355D90787F6} = {D8C9D451-45C0-416C-AF1A-C9E488F19392}
		{7D1B0EC3-30EF-4ACA-8724-9996B8DB3269} = {02EA681E-C7D8-13C7-8484-4AC65E1B71E8}
		{CB3BAF44-E2B7-4C4F-BADE-754B5C83268E} = {02EA681E-C7D8-13C7-8484-4AC65E1B71E8}
		{B6218B13-7407-4323-90BB-706AF03D3A40} = {6359CB6B-6922-436F-AB5D-8355D90787F6}
		{49DF8F9A-6A18-4691-8CA2-147D13E83F5D} = {796B0999-1333-4F5F-89F3-0A02B4524F51}
		{5401D6D6-A763-4B23-8743-6095DAAACE47} = {49DF8F9A-6A18-4691-8CA2-147D13E83F5D}
		{1257FDA9-9DAC-4619-B6EF-B5F2E83CF7D0} = {796B0999-1333-4F5F-89F3-0A02B4524F51}
		{90A8DEDF-7A54-4503-ACB6-51E861CE44CE} = {1257FDA9-9DAC-4619-B6EF-B5F2E83CF7D0}
		{CB90D6CC-C560-46F9-BFCB-54E727132632} = {90A8DEDF-7A54-4503-ACB6-51E861CE44CE}
		{8EFBC691-5ACD-45DF-968E-4AAA24C7B3F4} = {90A8DEDF-7A54-4503-ACB6-51E861CE44CE}
		{071489D5-EEFB-463D-9128-5515FCACDBD0} = {1257FDA9-9DAC-4619-B6EF-B5F2E83CF7D0}
		{9413DF71-A609-413F-8EEE-2B8C66903EAE} = {071489D5-EEFB-463D-9128-5515FCACDBD0}
		{26410DD3-65BA-43BC-BB70-D714FFC6415B} = {071489D5-EEFB-463D-9128-5515FCACDBD0}
		{7AF0549C-C191-4246-A32B-D4525E7CFD26} = {CB90D6CC-C560-46F9-BFCB-54E727132632}
		{028A48DB-FC2D-4FFC-8D58-C74F9C60FBA6} = {8EFBC691-5ACD-45DF-968E-4AAA24C7B3F4}
		{005F319B-5F78-4144-9A79-CDD2244BEEDA} = {8EFBC691-5ACD-45DF-968E-4AAA24C7B3F4}
	EndGlobalSection
	GlobalSection(ExtensibilityGlobals) = postSolution
		SolutionGuid = {981A05E3-1C76-461C-8CA5-226A0159ACA8}
	EndGlobalSection
EndGlobal
