
Microsoft Visual Studio Solution File, Format Version 12.00
# Visual Studio Version 17
VisualStudioVersion = 17.13.35828.75
MinimumVisualStudioVersion = 10.0.40219.1
Project("{2150E333-8FDC-42A3-9474-1A3956D46DE8}") = "Payments", "Payments", "{02EA681E-C7D8-13C7-8484-4AC65E1B71E8}"
	ProjectSection(SolutionItems) = preProject
		Migrations.MD = Migrations.MD
	EndProjectSection
EndProject
Project("{2150E333-8FDC-42A3-9474-1A3956D46DE8}") = "Catalog", "Catalog", "{D8C9D451-45C0-416C-AF1A-C9E488F19392}"
EndProject
Project("{2150E333-8FDC-42A3-9474-1A3956D46DE8}") = "IdentityServer", "IdentityServer", "{67ACC262-F77E-4307-9523-094F404705BF}"
EndProject
Project("{2150E333-8FDC-42A3-9474-1A3956D46DE8}") = "Order", "Order", "{769AD50B-1867-4971-833D-4B74B7FCAC40}"
EndProject
Project("{2150E333-8FDC-42A3-9474-1A3956D46DE8}") = "src", "src", "{796B0999-1333-4F5F-89F3-0A02B4524F51}"
EndProject
Project("{2150E333-8FDC-42A3-9474-1A3956D46DE8}") = "Notification", "Notification", "{F7108CE7-F774-4CF1-B6E4-723375C50365}"
EndProject
Project("{2150E333-8FDC-42A3-9474-1A3956D46DE8}") = "Solution Items", "Solution Items", "{84582783-B0F8-4B77-88C9-3BF8678A70EF}"
	ProjectSection(SolutionItems) = preProject
		.editorconfig = .editorconfig
		Directory.Build.props = Directory.Build.props
		Directory.Packages.props = Directory.Packages.props
	EndProjectSection
EndProject
Project("{FAE04EC0-301F-11D3-BF4B-00C04F79EFBC}") = "Catalog.Api", "Catalog\Presentation\Catalog.Api\Catalog.Api.csproj", "{F819B423-A21D-4F9C-B66A-AF8619DAA4A3}"
EndProject
Project("{FAE04EC0-301F-11D3-BF4B-00C04F79EFBC}") = "Payments.Api", "Payment\Payment.Api\Payments.Api.csproj", "{62761455-79FB-43EA-B698-074D4B7B4CCF}"
EndProject
Project("{FAE04EC0-301F-11D3-BF4B-00C04F79EFBC}") = "IdentityServer.Api", "IdentityServer\IdentityServer.Api\IdentityServer.Api.csproj", "{F13F2927-AAD0-4C2B-879D-A0B38EF827FA}"
EndProject
Project("{FAE04EC0-301F-11D3-BF4B-00C04F79EFBC}") = "Order.Api", "Order\Adapters\Primary\Order.Api\Order.Api.csproj", "{A04C2C9D-3B3F-429A-B1C3-2D669CA17DD1}"
EndProject
Project("{FAE04EC0-301F-11D3-BF4B-00C04F79EFBC}") = "Notification.Api", "Notification\Notification.Api\Notification.Api.csproj", "{4E161780-40E8-4562-B0BD-1E416B81524E}"
EndProject
Project("{2150E333-8FDC-42A3-9474-1A3956D46DE8}") = "Gateway", "Gateway", "{18ACB18C-AD0C-4385-9843-7073F3F23DB8}"
EndProject
Project("{FAE04EC0-301F-11D3-BF4B-00C04F79EFBC}") = "Yarp.Gateway.Api", "Gateway\Yarp.Gateway.Api\Yarp.Gateway.Api.csproj", "{B771E626-DA83-4434-9D4A-4FBE8F5BF59F}"
EndProject
Project("{2150E333-8FDC-42A3-9474-1A3956D46DE8}") = "Shared", "Shared", "{96D22476-7655-48FF-9F56-914F487BCB52}"
EndProject
Project("{FAE04EC0-301F-11D3-BF4B-00C04F79EFBC}") = "BuildingBlocks", "Shared\BuildingBlocks\BuildingBlocks.csproj", "{61F1854A-8D8A-4336-BF25-E9AEFE355C48}"
EndProject
Project("{2150E333-8FDC-42A3-9474-1A3956D46DE8}") = "Core", "Core", "{519870FC-CEF9-447B-B2FC-8A1AEC1FD2F0}"
EndProject
Project("{FAE04EC0-301F-11D3-BF4B-00C04F79EFBC}") = "Catalog.Entities", "Catalog\Core\Catalog.Entities\Catalog.Entities.csproj", "{931319FD-C3AA-4DB7-8942-9D8FE44AD800}"
EndProject
Project("{FAE04EC0-301F-11D3-BF4B-00C04F79EFBC}") = "Catalog.Application", "Catalog\Core\Catalog.Application\Catalog.Application.csproj", "{75570DA5-E71C-4FA5-90BF-465A5523BCBD}"
EndProject
Project("{2150E333-8FDC-42A3-9474-1A3956D46DE8}") = "Infrastructure", "Infrastructure", "{66B8854A-72A3-47C3-BC62-56EED990C30E}"
EndProject
Project("{FAE04EC0-301F-11D3-BF4B-00C04F79EFBC}") = "Catalog.Infrastructure", "Catalog\Infrastructure\Catalog.Infrastructure\Catalog.Infrastructure.csproj", "{949C8083-6486-45DF-879C-3BBEC5F9A8B4}"
EndProject
Project("{2150E333-8FDC-42A3-9474-1A3956D46DE8}") = "Adapters", "Adapters", "{DC003093-B0A3-483B-9D6C-9D13D97A4A79}"
EndProject
Project("{2150E333-8FDC-42A3-9474-1A3956D46DE8}") = "Primary", "Primary", "{270BAD7C-9F56-4D85-B2AF-5AED7CD55153}"
EndProject
Project("{2150E333-8FDC-42A3-9474-1A3956D46DE8}") = "Secondary", "Secondary", "{C6D2CAC7-591D-46D7-B9AA-6DFF4F3ED96D}"
EndProject
Project("{2150E333-8FDC-42A3-9474-1A3956D46DE8}") = "Core", "Core", "{F60DD110-7582-4458-96BB-D2F958B22D45}"
EndProject
Project("{2150E333-8FDC-42A3-9474-1A3956D46DE8}") = "Presentation", "Presentation", "{6359CB6B-6922-436F-AB5D-8355D90787F6}"
EndProject
Project("{FAE04EC0-301F-11D3-BF4B-00C04F79EFBC}") = "Order.Application", "Order\Core\Order.Application\Order.Application.csproj", "{CEA4F59E-3F5D-4206-B765-63059C876BEE}"
EndProject
Project("{FAE04EC0-301F-11D3-BF4B-00C04F79EFBC}") = "Order.Domain", "Order\Core\Order.Domain\Order.Domain.csproj", "{8B53F576-E218-4581-94DC-4D3D846F49D3}"
EndProject
Project("{FAE04EC0-301F-11D3-BF4B-00C04F79EFBC}") = "Order.Data", "Order\Adapters\Secondary\Order.Data\Order.Data.csproj", "{11C6BC89-3C96-4AFA-AE41-702A0BEE5ECB}"
EndProject
Project("{FAE04EC0-301F-11D3-BF4B-00C04F79EFBC}") = "Payments.Entities", "Payment\Payment.Entities\Payments.Entities.csproj", "{7D1B0EC3-30EF-4ACA-8724-9996B8DB3269}"
EndProject
Project("{FAE04EC0-301F-11D3-BF4B-00C04F79EFBC}") = "Payments.Data", "Payment\Payment.Data\Payments.Data.csproj", "{CB3BAF44-E2B7-4C4F-BADE-754B5C83268E}"
EndProject
Global
	GlobalSection(SolutionConfigurationPlatforms) = preSolution
		Debug|Any CPU = Debug|Any CPU
		Release|Any CPU = Release|Any CPU
	EndGlobalSection
	GlobalSection(ProjectConfigurationPlatforms) = postSolution
		{F819B423-A21D-4F9C-B66A-AF8619DAA4A3}.Debug|Any CPU.ActiveCfg = Debug|Any CPU
		{F819B423-A21D-4F9C-B66A-AF8619DAA4A3}.Debug|Any CPU.Build.0 = Debug|Any CPU
		{F819B423-A21D-4F9C-B66A-AF8619DAA4A3}.Release|Any CPU.ActiveCfg = Release|Any CPU
		{F819B423-A21D-4F9C-B66A-AF8619DAA4A3}.Release|Any CPU.Build.0 = Release|Any CPU
		{62761455-79FB-43EA-B698-074D4B7B4CCF}.Debug|Any CPU.ActiveCfg = Debug|Any CPU
		{62761455-79FB-43EA-B698-074D4B7B4CCF}.Debug|Any CPU.Build.0 = Debug|Any CPU
		{62761455-79FB-43EA-B698-074D4B7B4CCF}.Release|Any CPU.ActiveCfg = Release|Any CPU
		{62761455-79FB-43EA-B698-074D4B7B4CCF}.Release|Any CPU.Build.0 = Release|Any CPU
		{F13F2927-AAD0-4C2B-879D-A0B38EF827FA}.Debug|Any CPU.ActiveCfg = Debug|Any CPU
		{F13F2927-AAD0-4C2B-879D-A0B38EF827FA}.Debug|Any CPU.Build.0 = Debug|Any CPU
		{F13F2927-AAD0-4C2B-879D-A0B38EF827FA}.Release|Any CPU.ActiveCfg = Release|Any CPU
		{F13F2927-AAD0-4C2B-879D-A0B38EF827FA}.Release|Any CPU.Build.0 = Release|Any CPU
		{A04C2C9D-3B3F-429A-B1C3-2D669CA17DD1}.Debug|Any CPU.ActiveCfg = Debug|Any CPU
		{A04C2C9D-3B3F-429A-B1C3-2D669CA17DD1}.Debug|Any CPU.Build.0 = Debug|Any CPU
		{A04C2C9D-3B3F-429A-B1C3-2D669CA17DD1}.Release|Any CPU.ActiveCfg = Release|Any CPU
		{A04C2C9D-3B3F-429A-B1C3-2D669CA17DD1}.Release|Any CPU.Build.0 = Release|Any CPU
		{4E161780-40E8-4562-B0BD-1E416B81524E}.Debug|Any CPU.ActiveCfg = Debug|Any CPU
		{4E161780-40E8-4562-B0BD-1E416B81524E}.Debug|Any CPU.Build.0 = Debug|Any CPU
		{4E161780-40E8-4562-B0BD-1E416B81524E}.Release|Any CPU.ActiveCfg = Release|Any CPU
		{4E161780-40E8-4562-B0BD-1E416B81524E}.Release|Any CPU.Build.0 = Release|Any CPU
		{B771E626-DA83-4434-9D4A-4FBE8F5BF59F}.Debug|Any CPU.ActiveCfg = Debug|Any CPU
		{B771E626-DA83-4434-9D4A-4FBE8F5BF59F}.Debug|Any CPU.Build.0 = Debug|Any CPU
		{B771E626-DA83-4434-9D4A-4FBE8F5BF59F}.Release|Any CPU.ActiveCfg = Release|Any CPU
		{B771E626-DA83-4434-9D4A-4FBE8F5BF59F}.Release|Any CPU.Build.0 = Release|Any CPU
		{61F1854A-8D8A-4336-BF25-E9AEFE355C48}.Debug|Any CPU.ActiveCfg = Debug|Any CPU
		{61F1854A-8D8A-4336-BF25-E9AEFE355C48}.Debug|Any CPU.Build.0 = Debug|Any CPU
		{61F1854A-8D8A-4336-BF25-E9AEFE355C48}.Release|Any CPU.ActiveCfg = Release|Any CPU
		{61F1854A-8D8A-4336-BF25-E9AEFE355C48}.Release|Any CPU.Build.0 = Release|Any CPU
		{931319FD-C3AA-4DB7-8942-9D8FE44AD800}.Debug|Any CPU.ActiveCfg = Debug|Any CPU
		{931319FD-C3AA-4DB7-8942-9D8FE44AD800}.Debug|Any CPU.Build.0 = Debug|Any CPU
		{931319FD-C3AA-4DB7-8942-9D8FE44AD800}.Release|Any CPU.ActiveCfg = Release|Any CPU
		{931319FD-C3AA-4DB7-8942-9D8FE44AD800}.Release|Any CPU.Build.0 = Release|Any CPU
		{75570DA5-E71C-4FA5-90BF-465A5523BCBD}.Debug|Any CPU.ActiveCfg = Debug|Any CPU
		{75570DA5-E71C-4FA5-90BF-465A5523BCBD}.Debug|Any CPU.Build.0 = Debug|Any CPU
		{75570DA5-E71C-4FA5-90BF-465A5523BCBD}.Release|Any CPU.ActiveCfg = Release|Any CPU
		{75570DA5-E71C-4FA5-90BF-465A5523BCBD}.Release|Any CPU.Build.0 = Release|Any CPU
		{949C8083-6486-45DF-879C-3BBEC5F9A8B4}.Debug|Any CPU.ActiveCfg = Debug|Any CPU
		{949C8083-6486-45DF-879C-3BBEC5F9A8B4}.Debug|Any CPU.Build.0 = Debug|Any CPU
		{949C8083-6486-45DF-879C-3BBEC5F9A8B4}.Release|Any CPU.ActiveCfg = Release|Any CPU
		{949C8083-6486-45DF-879C-3BBEC5F9A8B4}.Release|Any CPU.Build.0 = Release|Any CPU
		{CEA4F59E-3F5D-4206-B765-63059C876BEE}.Debug|Any CPU.ActiveCfg = Debug|Any CPU
		{CEA4F59E-3F5D-4206-B765-63059C876BEE}.Debug|Any CPU.Build.0 = Debug|Any CPU
		{CEA4F59E-3F5D-4206-B765-63059C876BEE}.Release|Any CPU.ActiveCfg = Release|Any CPU
		{CEA4F59E-3F5D-4206-B765-63059C876BEE}.Release|Any CPU.Build.0 = Release|Any CPU
		{8B53F576-E218-4581-94DC-4D3D846F49D3}.Debug|Any CPU.ActiveCfg = Debug|Any CPU
		{8B53F576-E218-4581-94DC-4D3D846F49D3}.Debug|Any CPU.Build.0 = Debug|Any CPU
		{8B53F576-E218-4581-94DC-4D3D846F49D3}.Release|Any CPU.ActiveCfg = Release|Any CPU
		{8B53F576-E218-4581-94DC-4D3D846F49D3}.Release|Any CPU.Build.0 = Release|Any CPU
		{11C6BC89-3C96-4AFA-AE41-702A0BEE5ECB}.Debug|Any CPU.ActiveCfg = Debug|Any CPU
		{11C6BC89-3C96-4AFA-AE41-702A0BEE5ECB}.Debug|Any CPU.Build.0 = Debug|Any CPU
		{11C6BC89-3C96-4AFA-AE41-702A0BEE5ECB}.Release|Any CPU.ActiveCfg = Release|Any CPU
		{11C6BC89-3C96-4AFA-AE41-702A0BEE5ECB}.Release|Any CPU.Build.0 = Release|Any CPU
		{7D1B0EC3-30EF-4ACA-8724-9996B8DB3269}.Debug|Any CPU.ActiveCfg = Debug|Any CPU
		{7D1B0EC3-30EF-4ACA-8724-9996B8DB3269}.Debug|Any CPU.Build.0 = Debug|Any CPU
		{7D1B0EC3-30EF-4ACA-8724-9996B8DB3269}.Release|Any CPU.ActiveCfg = Release|Any CPU
		{7D1B0EC3-30EF-4ACA-8724-9996B8DB3269}.Release|Any CPU.Build.0 = Release|Any CPU
		{CB3BAF44-E2B7-4C4F-BADE-754B5C83268E}.Debug|Any CPU.ActiveCfg = Debug|Any CPU
		{CB3BAF44-E2B7-4C4F-BADE-754B5C83268E}.Debug|Any CPU.Build.0 = Debug|Any CPU
		{CB3BAF44-E2B7-4C4F-BADE-754B5C83268E}.Release|Any CPU.ActiveCfg = Release|Any CPU
		{CB3BAF44-E2B7-4C4F-BADE-754B5C83268E}.Release|Any CPU.Build.0 = Release|Any CPU
	EndGlobalSection
	GlobalSection(SolutionProperties) = preSolution
		HideSolutionNode = FALSE
	EndGlobalSection
	GlobalSection(NestedProjects) = preSolution
		{02EA681E-C7D8-13C7-8484-4AC65E1B71E8} = {796B0999-1333-4F5F-89F3-0A02B4524F51}
		{D8C9D451-45C0-416C-AF1A-C9E488F19392} = {796B0999-1333-4F5F-89F3-0A02B4524F51}
		{67ACC262-F77E-4307-9523-094F404705BF} = {796B0999-1333-4F5F-89F3-0A02B4524F51}
		{769AD50B-1867-4971-833D-4B74B7FCAC40} = {796B0999-1333-4F5F-89F3-0A02B4524F51}
		{F7108CE7-F774-4CF1-B6E4-723375C50365} = {796B0999-1333-4F5F-89F3-0A02B4524F51}
		{F819B423-A21D-4F9C-B66A-AF8619DAA4A3} = {6359CB6B-6922-436F-AB5D-8355D90787F6}
		{62761455-79FB-43EA-B698-074D4B7B4CCF} = {02EA681E-C7D8-13C7-8484-4AC65E1B71E8}
		{F13F2927-AAD0-4C2B-879D-A0B38EF827FA} = {67ACC262-F77E-4307-9523-094F404705BF}
		{A04C2C9D-3B3F-429A-B1C3-2D669CA17DD1} = {270BAD7C-9F56-4D85-B2AF-5AED7CD55153}
		{4E161780-40E8-4562-B0BD-1E416B81524E} = {F7108CE7-F774-4CF1-B6E4-723375C50365}
		{18ACB18C-AD0C-4385-9843-7073F3F23DB8} = {796B0999-1333-4F5F-89F3-0A02B4524F51}
		{B771E626-DA83-4434-9D4A-4FBE8F5BF59F} = {18ACB18C-AD0C-4385-9843-7073F3F23DB8}
		{96D22476-7655-48FF-9F56-914F487BCB52} = {796B0999-1333-4F5F-89F3-0A02B4524F51}
		{61F1854A-8D8A-4336-BF25-E9AEFE355C48} = {96D22476-7655-48FF-9F56-914F487BCB52}
		{519870FC-CEF9-447B-B2FC-8A1AEC1FD2F0} = {D8C9D451-45C0-416C-AF1A-C9E488F19392}
		{931319FD-C3AA-4DB7-8942-9D8FE44AD800} = {519870FC-CEF9-447B-B2FC-8A1AEC1FD2F0}
		{75570DA5-E71C-4FA5-90BF-465A5523BCBD} = {519870FC-CEF9-447B-B2FC-8A1AEC1FD2F0}
		{66B8854A-72A3-47C3-BC62-56EED990C30E} = {D8C9D451-45C0-416C-AF1A-C9E488F19392}
		{949C8083-6486-45DF-879C-3BBEC5F9A8B4} = {66B8854A-72A3-47C3-BC62-56EED990C30E}
		{DC003093-B0A3-483B-9D6C-9D13D97A4A79} = {769AD50B-1867-4971-833D-4B74B7FCAC40}
		{270BAD7C-9F56-4D85-B2AF-5AED7CD55153} = {DC003093-B0A3-483B-9D6C-9D13D97A4A79}
		{C6D2CAC7-591D-46D7-B9AA-6DFF4F3ED96D} = {DC003093-B0A3-483B-9D6C-9D13D97A4A79}
		{F60DD110-7582-4458-96BB-D2F958B22D45} = {769AD50B-1867-4971-833D-4B74B7FCAC40}
		{6359CB6B-6922-436F-AB5D-8355D90787F6} = {D8C9D451-45C0-416C-AF1A-C9E488F19392}
		{CEA4F59E-3F5D-4206-B765-63059C876BEE} = {F60DD110-7582-4458-96BB-D2F958B22D45}
		{8B53F576-E218-4581-94DC-4D3D846F49D3} = {F60DD110-7582-4458-96BB-D2F958B22D45}
		{11C6BC89-3C96-4AFA-AE41-702A0BEE5ECB} = {C6D2CAC7-591D-46D7-B9AA-6DFF4F3ED96D}
		{7D1B0EC3-30EF-4ACA-8724-9996B8DB3269} = {02EA681E-C7D8-13C7-8484-4AC65E1B71E8}
		{CB3BAF44-E2B7-4C4F-BADE-754B5C83268E} = {02EA681E-C7D8-13C7-8484-4AC65E1B71E8}
	EndGlobalSection
	GlobalSection(ExtensibilityGlobals) = postSolution
		SolutionGuid = {981A05E3-1C76-461C-8CA5-226A0159ACA8}
	EndGlobalSection
EndGlobal
